// !$*UTF8*$!
{
	archiveVersion = 1;
	classes = {
	};
	objectVersion = 55;
	objects = {

/* Begin PBXBuildFile section */
		0C0EF1372822AF560067416B /* AppDelegate.swift in Sources */ = {isa = PBXBuildFile; fileRef = 0C0EF1362822AF560067416B /* AppDelegate.swift */; };
		0C0EF1392822AF560067416B /* SceneDelegate.swift in Sources */ = {isa = PBXBuildFile; fileRef = 0C0EF1382822AF560067416B /* SceneDelegate.swift */; };
		0C0EF13B2822AF560067416B /* ViewController.swift in Sources */ = {isa = PBXBuildFile; fileRef = 0C0EF13A2822AF560067416B /* ViewController.swift */; };
		0C0EF1402822AF580067416B /* Assets.xcassets in Resources */ = {isa = PBXBuildFile; fileRef = 0C0EF13F2822AF580067416B /* Assets.xcassets */; };
		0C0EF1432822AF580067416B /* LaunchScreen.storyboard in Resources */ = {isa = PBXBuildFile; fileRef = 0C0EF1412822AF580067416B /* LaunchScreen.storyboard */; };
		0C25BAC2282D482000032D1A /* CameraFilterHandler.swift in Sources */ = {isa = PBXBuildFile; fileRef = 0C25BAC1282D482000032D1A /* CameraFilterHandler.swift */; };
		0C8D2409282FF2A300599E44 /* ApplyFilterButton.swift in Sources */ = {isa = PBXBuildFile; fileRef = 0C8D2408282FF2A300599E44 /* ApplyFilterButton.swift */; };
		0CA0926B282BE4FF005F63FB /* CameraFilterVC.swift in Sources */ = {isa = PBXBuildFile; fileRef = 0CA0926A282BE4FF005F63FB /* CameraFilterVC.swift */; };
		0CB34BE12832C75F0046F4DC /* RealityKit+.swift in Sources */ = {isa = PBXBuildFile; fileRef = 0CB34BE02832C75F0046F4DC /* RealityKit+.swift */; };
		0CB34C082833178A0046F4DC /* CameraView.swift in Sources */ = {isa = PBXBuildFile; fileRef = 0CB34C072833178A0046F4DC /* CameraView.swift */; };
		0CB34C10283321860046F4DC /* SpeechRecognizer.swift in Sources */ = {isa = PBXBuildFile; fileRef = 0CB34C0F283321860046F4DC /* SpeechRecognizer.swift */; };
		0CB34C132833CCDF0046F4DC /* NoiseSoundPlayer.swift in Sources */ = {isa = PBXBuildFile; fileRef = 0CB34C122833CCDF0046F4DC /* NoiseSoundPlayer.swift */; };
		B21F17982831BF660048D58D /* RealityKitTestViewController.swift in Sources */ = {isa = PBXBuildFile; fileRef = B21F17972831BF660048D58D /* RealityKitTestViewController.swift */; };
		B21F179A2831CAB00048D58D /* som1.wav in Resources */ = {isa = PBXBuildFile; fileRef = B21F17992831CAB00048D58D /* som1.wav */; };
		B21F17A0283297930048D58D /* HorrorSceneTest.rcproject in Sources */ = {isa = PBXBuildFile; fileRef = B21F179F2832978B0048D58D /* HorrorSceneTest.rcproject */; };
		B21F17F428332E7E0048D58D /* cala boca eu te odeio.mp3 in Resources */ = {isa = PBXBuildFile; fileRef = B21F17EE28332E7C0048D58D /* cala boca eu te odeio.mp3 */; };
		B21F17F528332E7E0048D58D /* bebe curto.mp3 in Resources */ = {isa = PBXBuildFile; fileRef = B21F17EF28332E7C0048D58D /* bebe curto.mp3 */; };
		B21F17F628332E7E0048D58D /* respiracao.mp3 in Resources */ = {isa = PBXBuildFile; fileRef = B21F17F028332E7D0048D58D /* respiracao.mp3 */; };
		B21F17F728332E7E0048D58D /* bebe chorando.mp3 in Resources */ = {isa = PBXBuildFile; fileRef = B21F17F128332E7D0048D58D /* bebe chorando.mp3 */; };
		B21F17F828332E7E0048D58D /* zumbi.mp3 in Resources */ = {isa = PBXBuildFile; fileRef = B21F17F228332E7D0048D58D /* zumbi.mp3 */; };
		B21F17F928332E7E0048D58D /* nooooo.mp3 in Resources */ = {isa = PBXBuildFile; fileRef = B21F17F328332E7E0048D58D /* nooooo.mp3 */; };
		B21F17FD2833D15B0048D58D /* ruido.wav in Resources */ = {isa = PBXBuildFile; fileRef = B21F17FC2833D15B0048D58D /* ruido.wav */; };
		B39142E92832B1C200BDBD89 /* SpeechRecognizerViewController.swift in Sources */ = {isa = PBXBuildFile; fileRef = B39142E82832B1C200BDBD89 /* SpeechRecognizerViewController.swift */; };
/* End PBXBuildFile section */

/* Begin PBXFileReference section */
		0C0EF1332822AF560067416B /* Horror Story.app */ = {isa = PBXFileReference; explicitFileType = wrapper.application; includeInIndex = 0; path = "Horror Story.app"; sourceTree = BUILT_PRODUCTS_DIR; };
		0C0EF1362822AF560067416B /* AppDelegate.swift */ = {isa = PBXFileReference; lastKnownFileType = sourcecode.swift; path = AppDelegate.swift; sourceTree = "<group>"; };
		0C0EF1382822AF560067416B /* SceneDelegate.swift */ = {isa = PBXFileReference; lastKnownFileType = sourcecode.swift; path = SceneDelegate.swift; sourceTree = "<group>"; };
		0C0EF13A2822AF560067416B /* ViewController.swift */ = {isa = PBXFileReference; lastKnownFileType = sourcecode.swift; path = ViewController.swift; sourceTree = "<group>"; };
		0C0EF13F2822AF580067416B /* Assets.xcassets */ = {isa = PBXFileReference; lastKnownFileType = folder.assetcatalog; path = Assets.xcassets; sourceTree = "<group>"; };
		0C0EF1422822AF580067416B /* Base */ = {isa = PBXFileReference; lastKnownFileType = file.storyboard; name = Base; path = Base.lproj/LaunchScreen.storyboard; sourceTree = "<group>"; };
		0C0EF1442822AF580067416B /* Info.plist */ = {isa = PBXFileReference; lastKnownFileType = text.plist.xml; path = Info.plist; sourceTree = "<group>"; };
		0C25BAC1282D482000032D1A /* CameraFilterHandler.swift */ = {isa = PBXFileReference; lastKnownFileType = sourcecode.swift; path = CameraFilterHandler.swift; sourceTree = "<group>"; };
		0C8D2408282FF2A300599E44 /* ApplyFilterButton.swift */ = {isa = PBXFileReference; lastKnownFileType = sourcecode.swift; path = ApplyFilterButton.swift; sourceTree = "<group>"; };
		0CA0926A282BE4FF005F63FB /* CameraFilterVC.swift */ = {isa = PBXFileReference; lastKnownFileType = sourcecode.swift; path = CameraFilterVC.swift; sourceTree = "<group>"; };
		0CB34BE02832C75F0046F4DC /* RealityKit+.swift */ = {isa = PBXFileReference; lastKnownFileType = sourcecode.swift; path = "RealityKit+.swift"; sourceTree = "<group>"; };
		0CB34C072833178A0046F4DC /* CameraView.swift */ = {isa = PBXFileReference; lastKnownFileType = sourcecode.swift; path = CameraView.swift; sourceTree = "<group>"; };
		0CB34C0F283321860046F4DC /* SpeechRecognizer.swift */ = {isa = PBXFileReference; lastKnownFileType = sourcecode.swift; path = SpeechRecognizer.swift; sourceTree = "<group>"; };
		0CB34C122833CCDF0046F4DC /* NoiseSoundPlayer.swift */ = {isa = PBXFileReference; lastKnownFileType = sourcecode.swift; path = NoiseSoundPlayer.swift; sourceTree = "<group>"; };
		B21F17972831BF660048D58D /* RealityKitTestViewController.swift */ = {isa = PBXFileReference; lastKnownFileType = sourcecode.swift; path = RealityKitTestViewController.swift; sourceTree = "<group>"; };
		B21F17992831CAB00048D58D /* som1.wav */ = {isa = PBXFileReference; lastKnownFileType = audio.wav; path = som1.wav; sourceTree = "<group>"; };
		B21F179F2832978B0048D58D /* HorrorSceneTest.rcproject */ = {isa = PBXFileReference; lastKnownFileType = file.rcproject; path = HorrorSceneTest.rcproject; sourceTree = "<group>"; };
		B21F17EE28332E7C0048D58D /* cala boca eu te odeio.mp3 */ = {isa = PBXFileReference; lastKnownFileType = audio.mp3; path = "cala boca eu te odeio.mp3"; sourceTree = "<group>"; };
		B21F17EF28332E7C0048D58D /* bebe curto.mp3 */ = {isa = PBXFileReference; lastKnownFileType = audio.mp3; path = "bebe curto.mp3"; sourceTree = "<group>"; };
		B21F17F028332E7D0048D58D /* respiracao.mp3 */ = {isa = PBXFileReference; lastKnownFileType = audio.mp3; path = respiracao.mp3; sourceTree = "<group>"; };
		B21F17F128332E7D0048D58D /* bebe chorando.mp3 */ = {isa = PBXFileReference; lastKnownFileType = audio.mp3; path = "bebe chorando.mp3"; sourceTree = "<group>"; };
		B21F17F228332E7D0048D58D /* zumbi.mp3 */ = {isa = PBXFileReference; lastKnownFileType = audio.mp3; path = zumbi.mp3; sourceTree = "<group>"; };
		B21F17F328332E7E0048D58D /* nooooo.mp3 */ = {isa = PBXFileReference; lastKnownFileType = audio.mp3; path = nooooo.mp3; sourceTree = "<group>"; };
		B21F17FC2833D15B0048D58D /* ruido.wav */ = {isa = PBXFileReference; lastKnownFileType = audio.wav; path = ruido.wav; sourceTree = "<group>"; };
		B39142E82832B1C200BDBD89 /* SpeechRecognizerViewController.swift */ = {isa = PBXFileReference; lastKnownFileType = sourcecode.swift; path = SpeechRecognizerViewController.swift; sourceTree = "<group>"; };
/* End PBXFileReference section */

/* Begin PBXFrameworksBuildPhase section */
		0C0EF1302822AF560067416B /* Frameworks */ = {
			isa = PBXFrameworksBuildPhase;
			buildActionMask = 2147483647;
			files = (
			);
			runOnlyForDeploymentPostprocessing = 0;
		};
/* End PBXFrameworksBuildPhase section */

/* Begin PBXGroup section */
		0C0EF12A2822AF560067416B = {
			isa = PBXGroup;
			children = (
				0C0EF1352822AF560067416B /* Horror Story */,
				0C0EF1342822AF560067416B /* Products */,
			);
			sourceTree = "<group>";
		};
		0C0EF1342822AF560067416B /* Products */ = {
			isa = PBXGroup;
			children = (
				0C0EF1332822AF560067416B /* Horror Story.app */,
			);
			name = Products;
			sourceTree = "<group>";
		};
		0C0EF1352822AF560067416B /* Horror Story */ = {
			isa = PBXGroup;
			children = (
				0CB34C09283320D80046F4DC /* Utils */,
				0CA09268282BE4E9005F63FB /* Components */,
				0C0EF1362822AF560067416B /* AppDelegate.swift */,
				0C0EF1382822AF560067416B /* SceneDelegate.swift */,
				0C0EF13A2822AF560067416B /* ViewController.swift */,
				B39142E82832B1C200BDBD89 /* SpeechRecognizerViewController.swift */,
				B21F179F2832978B0048D58D /* HorrorSceneTest.rcproject */,
				B21F17972831BF660048D58D /* RealityKitTestViewController.swift */,
				B21F17992831CAB00048D58D /* som1.wav */,
				B21F17F128332E7D0048D58D /* bebe chorando.mp3 */,
				B21F17EF28332E7C0048D58D /* bebe curto.mp3 */,
				B21F17EE28332E7C0048D58D /* cala boca eu te odeio.mp3 */,
				B21F17F328332E7E0048D58D /* nooooo.mp3 */,
				B21F17F028332E7D0048D58D /* respiracao.mp3 */,
				B21F17FC2833D15B0048D58D /* ruido.wav */,
				B21F17F228332E7D0048D58D /* zumbi.mp3 */,
				0C0EF13F2822AF580067416B /* Assets.xcassets */,
				0C0EF1412822AF580067416B /* LaunchScreen.storyboard */,
				0C0EF1442822AF580067416B /* Info.plist */,
			);
			path = "Horror Story";
			sourceTree = "<group>";
		};
		0CA09268282BE4E9005F63FB /* Components */ = {
			isa = PBXGroup;
			children = (
				0CB34C062833177B0046F4DC /* CameraView */,
				0CA09269282BE4F0005F63FB /* CameraFilter */,
			);
			path = Components;
			sourceTree = "<group>";
		};
		0CA09269282BE4F0005F63FB /* CameraFilter */ = {
			isa = PBXGroup;
			children = (
				0CA0926A282BE4FF005F63FB /* CameraFilterVC.swift */,
				0C8D2408282FF2A300599E44 /* ApplyFilterButton.swift */,
			);
			path = CameraFilter;
			sourceTree = "<group>";
		};
		0CB34C062833177B0046F4DC /* CameraView */ = {
			isa = PBXGroup;
			children = (
				0CB34C072833178A0046F4DC /* CameraView.swift */,
			);
			path = CameraView;
			sourceTree = "<group>";
		};
		0CB34C09283320D80046F4DC /* Utils */ = {
			isa = PBXGroup;
			children = (
				0CB34C112833CCBD0046F4DC /* NoiseSoundPlayer */,
				0CB34C0E283321780046F4DC /* SpeechRecognizer */,
				0CB34C0D283321080046F4DC /* CameraFilterHandler */,
				0CB34C0C283320FE0046F4DC /* Extensions */,
			);
			path = Utils;
			sourceTree = "<group>";
		};
		0CB34C0C283320FE0046F4DC /* Extensions */ = {
			isa = PBXGroup;
			children = (
				0CB34BE02832C75F0046F4DC /* RealityKit+.swift */,
			);
			path = Extensions;
			sourceTree = "<group>";
		};
		0CB34C0D283321080046F4DC /* CameraFilterHandler */ = {
			isa = PBXGroup;
			children = (
				0C25BAC1282D482000032D1A /* CameraFilterHandler.swift */,
			);
			path = CameraFilterHandler;
			sourceTree = "<group>";
		};
		0CB34C0E283321780046F4DC /* SpeechRecognizer */ = {
			isa = PBXGroup;
			children = (
				0CB34C0F283321860046F4DC /* SpeechRecognizer.swift */,
			);
			path = SpeechRecognizer;
			sourceTree = "<group>";
		};
		0CB34C112833CCBD0046F4DC /* NoiseSoundPlayer */ = {
			isa = PBXGroup;
			children = (
				0CB34C122833CCDF0046F4DC /* NoiseSoundPlayer.swift */,
			);
			path = NoiseSoundPlayer;
			sourceTree = "<group>";
		};
/* End PBXGroup section */

/* Begin PBXNativeTarget section */
		0C0EF1322822AF560067416B /* Horror Story */ = {
			isa = PBXNativeTarget;
			buildConfigurationList = 0C0EF1472822AF580067416B /* Build configuration list for PBXNativeTarget "Horror Story" */;
			buildPhases = (
				0C0EF12F2822AF560067416B /* Sources */,
				0C0EF1302822AF560067416B /* Frameworks */,
				0C0EF1312822AF560067416B /* Resources */,
			);
			buildRules = (
			);
			dependencies = (
			);
			name = "Horror Story";
			productName = "Horror Story";
			productReference = 0C0EF1332822AF560067416B /* Horror Story.app */;
			productType = "com.apple.product-type.application";
		};
/* End PBXNativeTarget section */

/* Begin PBXProject section */
		0C0EF12B2822AF560067416B /* Project object */ = {
			isa = PBXProject;
			attributes = {
				BuildIndependentTargetsInParallel = 1;
				LastSwiftUpdateCheck = 1330;
				LastUpgradeCheck = 1330;
				TargetAttributes = {
					0C0EF1322822AF560067416B = {
						CreatedOnToolsVersion = 13.3;
					};
				};
			};
			buildConfigurationList = 0C0EF12E2822AF560067416B /* Build configuration list for PBXProject "Horror Story" */;
			compatibilityVersion = "Xcode 13.0";
			developmentRegion = en;
			hasScannedForEncodings = 0;
			knownRegions = (
				en,
				Base,
			);
			mainGroup = 0C0EF12A2822AF560067416B;
			productRefGroup = 0C0EF1342822AF560067416B /* Products */;
			projectDirPath = "";
			projectRoot = "";
			targets = (
				0C0EF1322822AF560067416B /* Horror Story */,
			);
		};
/* End PBXProject section */

/* Begin PBXResourcesBuildPhase section */
		0C0EF1312822AF560067416B /* Resources */ = {
			isa = PBXResourcesBuildPhase;
			buildActionMask = 2147483647;
			files = (
				B21F17F528332E7E0048D58D /* bebe curto.mp3 in Resources */,
				B21F17F628332E7E0048D58D /* respiracao.mp3 in Resources */,
				B21F17F428332E7E0048D58D /* cala boca eu te odeio.mp3 in Resources */,
				B21F17F728332E7E0048D58D /* bebe chorando.mp3 in Resources */,
				B21F179A2831CAB00048D58D /* som1.wav in Resources */,
				B21F17F928332E7E0048D58D /* nooooo.mp3 in Resources */,
				B21F17FD2833D15B0048D58D /* ruido.wav in Resources */,
				0C0EF1432822AF580067416B /* LaunchScreen.storyboard in Resources */,
				B21F17F828332E7E0048D58D /* zumbi.mp3 in Resources */,
				0C0EF1402822AF580067416B /* Assets.xcassets in Resources */,
			);
			runOnlyForDeploymentPostprocessing = 0;
		};
/* End PBXResourcesBuildPhase section */

/* Begin PBXSourcesBuildPhase section */
		0C0EF12F2822AF560067416B /* Sources */ = {
			isa = PBXSourcesBuildPhase;
			buildActionMask = 2147483647;
			files = (
				0C0EF13B2822AF560067416B /* ViewController.swift in Sources */,
				0CB34BE12832C75F0046F4DC /* RealityKit+.swift in Sources */,
				0C0EF1372822AF560067416B /* AppDelegate.swift in Sources */,
				0CB34C082833178A0046F4DC /* CameraView.swift in Sources */,
				0C25BAC2282D482000032D1A /* CameraFilterHandler.swift in Sources */,
				0CB34C10283321860046F4DC /* SpeechRecognizer.swift in Sources */,
				B39142E92832B1C200BDBD89 /* SpeechRecognizerViewController.swift in Sources */,
				0C0EF1392822AF560067416B /* SceneDelegate.swift in Sources */,
				0CB34C132833CCDF0046F4DC /* NoiseSoundPlayer.swift in Sources */,
				0C8D2409282FF2A300599E44 /* ApplyFilterButton.swift in Sources */,
				0CA0926B282BE4FF005F63FB /* CameraFilterVC.swift in Sources */,
				B21F17982831BF660048D58D /* RealityKitTestViewController.swift in Sources */,
				B21F17A0283297930048D58D /* HorrorSceneTest.rcproject in Sources */,
			);
			runOnlyForDeploymentPostprocessing = 0;
		};
/* End PBXSourcesBuildPhase section */

/* Begin PBXVariantGroup section */
		0C0EF1412822AF580067416B /* LaunchScreen.storyboard */ = {
			isa = PBXVariantGroup;
			children = (
				0C0EF1422822AF580067416B /* Base */,
			);
			name = LaunchScreen.storyboard;
			sourceTree = "<group>";
		};
/* End PBXVariantGroup section */

/* Begin XCBuildConfiguration section */
		0C0EF1452822AF580067416B /* Debug */ = {
			isa = XCBuildConfiguration;
			buildSettings = {
				ALWAYS_SEARCH_USER_PATHS = NO;
				CLANG_ANALYZER_NONNULL = YES;
				CLANG_ANALYZER_NUMBER_OBJECT_CONVERSION = YES_AGGRESSIVE;
				CLANG_CXX_LANGUAGE_STANDARD = "gnu++17";
				CLANG_ENABLE_MODULES = YES;
				CLANG_ENABLE_OBJC_ARC = YES;
				CLANG_ENABLE_OBJC_WEAK = YES;
				CLANG_WARN_BLOCK_CAPTURE_AUTORELEASING = YES;
				CLANG_WARN_BOOL_CONVERSION = YES;
				CLANG_WARN_COMMA = YES;
				CLANG_WARN_CONSTANT_CONVERSION = YES;
				CLANG_WARN_DEPRECATED_OBJC_IMPLEMENTATIONS = YES;
				CLANG_WARN_DIRECT_OBJC_ISA_USAGE = YES_ERROR;
				CLANG_WARN_DOCUMENTATION_COMMENTS = YES;
				CLANG_WARN_EMPTY_BODY = YES;
				CLANG_WARN_ENUM_CONVERSION = YES;
				CLANG_WARN_INFINITE_RECURSION = YES;
				CLANG_WARN_INT_CONVERSION = YES;
				CLANG_WARN_NON_LITERAL_NULL_CONVERSION = YES;
				CLANG_WARN_OBJC_IMPLICIT_RETAIN_SELF = YES;
				CLANG_WARN_OBJC_LITERAL_CONVERSION = YES;
				CLANG_WARN_OBJC_ROOT_CLASS = YES_ERROR;
				CLANG_WARN_QUOTED_INCLUDE_IN_FRAMEWORK_HEADER = YES;
				CLANG_WARN_RANGE_LOOP_ANALYSIS = YES;
				CLANG_WARN_STRICT_PROTOTYPES = YES;
				CLANG_WARN_SUSPICIOUS_MOVE = YES;
				CLANG_WARN_UNGUARDED_AVAILABILITY = YES_AGGRESSIVE;
				CLANG_WARN_UNREACHABLE_CODE = YES;
				CLANG_WARN__DUPLICATE_METHOD_MATCH = YES;
				COPY_PHASE_STRIP = NO;
				DEBUG_INFORMATION_FORMAT = dwarf;
				ENABLE_STRICT_OBJC_MSGSEND = YES;
				ENABLE_TESTABILITY = YES;
				GCC_C_LANGUAGE_STANDARD = gnu11;
				GCC_DYNAMIC_NO_PIC = NO;
				GCC_NO_COMMON_BLOCKS = YES;
				GCC_OPTIMIZATION_LEVEL = 0;
				GCC_PREPROCESSOR_DEFINITIONS = (
					"DEBUG=1",
					"$(inherited)",
				);
				GCC_WARN_64_TO_32_BIT_CONVERSION = YES;
				GCC_WARN_ABOUT_RETURN_TYPE = YES_ERROR;
				GCC_WARN_UNDECLARED_SELECTOR = YES;
				GCC_WARN_UNINITIALIZED_AUTOS = YES_AGGRESSIVE;
				GCC_WARN_UNUSED_FUNCTION = YES;
				GCC_WARN_UNUSED_VARIABLE = YES;
				IPHONEOS_DEPLOYMENT_TARGET = 15.4;
				MTL_ENABLE_DEBUG_INFO = INCLUDE_SOURCE;
				MTL_FAST_MATH = YES;
				ONLY_ACTIVE_ARCH = YES;
				SDKROOT = iphoneos;
				SWIFT_ACTIVE_COMPILATION_CONDITIONS = DEBUG;
				SWIFT_OPTIMIZATION_LEVEL = "-Onone";
			};
			name = Debug;
		};
		0C0EF1462822AF580067416B /* Release */ = {
			isa = XCBuildConfiguration;
			buildSettings = {
				ALWAYS_SEARCH_USER_PATHS = NO;
				CLANG_ANALYZER_NONNULL = YES;
				CLANG_ANALYZER_NUMBER_OBJECT_CONVERSION = YES_AGGRESSIVE;
				CLANG_CXX_LANGUAGE_STANDARD = "gnu++17";
				CLANG_ENABLE_MODULES = YES;
				CLANG_ENABLE_OBJC_ARC = YES;
				CLANG_ENABLE_OBJC_WEAK = YES;
				CLANG_WARN_BLOCK_CAPTURE_AUTORELEASING = YES;
				CLANG_WARN_BOOL_CONVERSION = YES;
				CLANG_WARN_COMMA = YES;
				CLANG_WARN_CONSTANT_CONVERSION = YES;
				CLANG_WARN_DEPRECATED_OBJC_IMPLEMENTATIONS = YES;
				CLANG_WARN_DIRECT_OBJC_ISA_USAGE = YES_ERROR;
				CLANG_WARN_DOCUMENTATION_COMMENTS = YES;
				CLANG_WARN_EMPTY_BODY = YES;
				CLANG_WARN_ENUM_CONVERSION = YES;
				CLANG_WARN_INFINITE_RECURSION = YES;
				CLANG_WARN_INT_CONVERSION = YES;
				CLANG_WARN_NON_LITERAL_NULL_CONVERSION = YES;
				CLANG_WARN_OBJC_IMPLICIT_RETAIN_SELF = YES;
				CLANG_WARN_OBJC_LITERAL_CONVERSION = YES;
				CLANG_WARN_OBJC_ROOT_CLASS = YES_ERROR;
				CLANG_WARN_QUOTED_INCLUDE_IN_FRAMEWORK_HEADER = YES;
				CLANG_WARN_RANGE_LOOP_ANALYSIS = YES;
				CLANG_WARN_STRICT_PROTOTYPES = YES;
				CLANG_WARN_SUSPICIOUS_MOVE = YES;
				CLANG_WARN_UNGUARDED_AVAILABILITY = YES_AGGRESSIVE;
				CLANG_WARN_UNREACHABLE_CODE = YES;
				CLANG_WARN__DUPLICATE_METHOD_MATCH = YES;
				COPY_PHASE_STRIP = NO;
				DEBUG_INFORMATION_FORMAT = "dwarf-with-dsym";
				ENABLE_NS_ASSERTIONS = NO;
				ENABLE_STRICT_OBJC_MSGSEND = YES;
				GCC_C_LANGUAGE_STANDARD = gnu11;
				GCC_NO_COMMON_BLOCKS = YES;
				GCC_WARN_64_TO_32_BIT_CONVERSION = YES;
				GCC_WARN_ABOUT_RETURN_TYPE = YES_ERROR;
				GCC_WARN_UNDECLARED_SELECTOR = YES;
				GCC_WARN_UNINITIALIZED_AUTOS = YES_AGGRESSIVE;
				GCC_WARN_UNUSED_FUNCTION = YES;
				GCC_WARN_UNUSED_VARIABLE = YES;
				IPHONEOS_DEPLOYMENT_TARGET = 15.4;
				MTL_ENABLE_DEBUG_INFO = NO;
				MTL_FAST_MATH = YES;
				SDKROOT = iphoneos;
				SWIFT_COMPILATION_MODE = wholemodule;
				SWIFT_OPTIMIZATION_LEVEL = "-O";
				VALIDATE_PRODUCT = YES;
			};
			name = Release;
		};
		0C0EF1482822AF580067416B /* Debug */ = {
			isa = XCBuildConfiguration;
			buildSettings = {
				ASSETCATALOG_COMPILER_APPICON_NAME = AppIcon;
				ASSETCATALOG_COMPILER_GLOBAL_ACCENT_COLOR_NAME = AccentColor;
				CODE_SIGN_STYLE = Automatic;
				CURRENT_PROJECT_VERSION = 1;
				DEVELOPMENT_TEAM = AZA2LHKU7Z;
				GENERATE_INFOPLIST_FILE = YES;
				INFOPLIST_FILE = "Horror Story/Info.plist";
				INFOPLIST_KEY_NSCameraUsageDescription = "Câmera é utilizada para forncer a experiência imersiva";
				INFOPLIST_KEY_NSMicrophoneUsageDescription = "";
				INFOPLIST_KEY_NSSpeechRecognitionUsageDescription = "";
				INFOPLIST_KEY_UIApplicationSupportsIndirectInputEvents = YES;
				INFOPLIST_KEY_UILaunchStoryboardName = LaunchScreen;
				INFOPLIST_KEY_UISupportedInterfaceOrientations_iPad = "UIInterfaceOrientationPortrait UIInterfaceOrientationPortraitUpsideDown UIInterfaceOrientationLandscapeLeft UIInterfaceOrientationLandscapeRight";
				INFOPLIST_KEY_UISupportedInterfaceOrientations_iPhone = "UIInterfaceOrientationPortrait UIInterfaceOrientationLandscapeLeft UIInterfaceOrientationLandscapeRight";
				IPHONEOS_DEPLOYMENT_TARGET = 15.0;
				LD_RUNPATH_SEARCH_PATHS = (
					"$(inherited)",
					"@executable_path/Frameworks",
				);
				MARKETING_VERSION = 1.0;
				PRODUCT_BUNDLE_IDENTIFIER = "com.kuma.Horror-Story";
				PRODUCT_NAME = "$(TARGET_NAME)";
				SWIFT_EMIT_LOC_STRINGS = YES;
				SWIFT_VERSION = 5.0;
				TARGETED_DEVICE_FAMILY = "1,2";
			};
			name = Debug;
		};
		0C0EF1492822AF580067416B /* Release */ = {
			isa = XCBuildConfiguration;
			buildSettings = {
				ASSETCATALOG_COMPILER_APPICON_NAME = AppIcon;
				ASSETCATALOG_COMPILER_GLOBAL_ACCENT_COLOR_NAME = AccentColor;
				CODE_SIGN_STYLE = Automatic;
				CURRENT_PROJECT_VERSION = 1;
				DEVELOPMENT_TEAM = AZA2LHKU7Z;
				GENERATE_INFOPLIST_FILE = YES;
				INFOPLIST_FILE = "Horror Story/Info.plist";
				INFOPLIST_KEY_NSCameraUsageDescription = "Câmera é utilizada para forncer a experiência imersiva";
				INFOPLIST_KEY_NSMicrophoneUsageDescription = "";
				INFOPLIST_KEY_NSSpeechRecognitionUsageDescription = "";
				INFOPLIST_KEY_UIApplicationSupportsIndirectInputEvents = YES;
				INFOPLIST_KEY_UILaunchStoryboardName = LaunchScreen;
				INFOPLIST_KEY_UISupportedInterfaceOrientations_iPad = "UIInterfaceOrientationPortrait UIInterfaceOrientationPortraitUpsideDown UIInterfaceOrientationLandscapeLeft UIInterfaceOrientationLandscapeRight";
				INFOPLIST_KEY_UISupportedInterfaceOrientations_iPhone = "UIInterfaceOrientationPortrait UIInterfaceOrientationLandscapeLeft UIInterfaceOrientationLandscapeRight";
				IPHONEOS_DEPLOYMENT_TARGET = 15.0;
				LD_RUNPATH_SEARCH_PATHS = (
					"$(inherited)",
					"@executable_path/Frameworks",
				);
				MARKETING_VERSION = 1.0;
				PRODUCT_BUNDLE_IDENTIFIER = "com.kuma.Horror-Story";
				PRODUCT_NAME = "$(TARGET_NAME)";
				SWIFT_EMIT_LOC_STRINGS = YES;
				SWIFT_VERSION = 5.0;
				TARGETED_DEVICE_FAMILY = "1,2";
			};
			name = Release;
		};
/* End XCBuildConfiguration section */

/* Begin XCConfigurationList section */
		0C0EF12E2822AF560067416B /* Build configuration list for PBXProject "Horror Story" */ = {
			isa = XCConfigurationList;
			buildConfigurations = (
				0C0EF1452822AF580067416B /* Debug */,
				0C0EF1462822AF580067416B /* Release */,
			);
			defaultConfigurationIsVisible = 0;
			defaultConfigurationName = Release;
		};
		0C0EF1472822AF580067416B /* Build configuration list for PBXNativeTarget "Horror Story" */ = {
			isa = XCConfigurationList;
			buildConfigurations = (
				0C0EF1482822AF580067416B /* Debug */,
				0C0EF1492822AF580067416B /* Release */,
			);
			defaultConfigurationIsVisible = 0;
			defaultConfigurationName = Release;
		};
/* End XCConfigurationList section */
	};
	rootObject = 0C0EF12B2822AF560067416B /* Project object */;
}
